
Microsoft Visual Studio Solution File, Format Version 12.00
# Visual Studio Version 17
VisualStudioVersion = 17.4.33110.190
MinimumVisualStudioVersion = 10.0.40219.1
Project("{FAE04EC0-301F-11D3-BF4B-00C04F79EFBC}") = "AdaCredit", "Ada Credit\AdaCredit.csproj", "{338B91CF-729A-4522-B7C7-901965B0B013}"
EndProject
Global
	GlobalSection(SolutionConfigurationPlatforms) = preSolution
		Debug|Any CPU = Debug|Any CPU
		Release|Any CPU = Release|Any CPU
	EndGlobalSection
	GlobalSection(ProjectConfigurationPlatforms) = postSolution
		{338B91CF-729A-4522-B7C7-901965B0B013}.Debug|Any CPU.ActiveCfg = Debug|Any CPU
		{338B91CF-729A-4522-B7C7-901965B0B013}.Debug|Any CPU.Build.0 = Debug|Any CPU
		{338B91CF-729A-4522-B7C7-901965B0B013}.Release|Any CPU.ActiveCfg = Release|Any CPU
		{338B91CF-729A-4522-B7C7-901965B0B013}.Release|Any CPU.Build.0 = Release|Any CPU
	EndGlobalSection
	GlobalSection(SolutionProperties) = preSolution
		HideSolutionNode = FALSE
	EndGlobalSection
	GlobalSection(ExtensibilityGlobals) = postSolution
		SolutionGuid = {9BF2FFCA-2564-4FE6-B70F-AB0605392E0F}
	EndGlobalSection
EndGlobal
